{
  "name": "media-is-message",
  "lockfileVersion": 2,
  "requires": true,
  "packages": {
    "": {
      "dependencies": {
        "highcharts": "^12.1.1"
      }
    },
    "node_modules/highcharts": {
      "version": "12.1.1",
      "resolved": "https://registry.npmjs.org/highcharts/-/highcharts-12.1.1.tgz",
      "integrity": "sha512-tG2hZZBQ4pNOoIh4pmKnS0bSUpU7lGQnlzmr3FSdcc1/6dmeiCLZEFzjr1W52ist2H6Bh+bHhYKv99iX/wkpng=="
    }
  },
  "dependencies": {
    "highcharts": {
      "version": "12.1.1",
      "resolved": "https://registry.npmjs.org/highcharts/-/highcharts-12.1.1.tgz",
      "integrity": "sha512-tG2hZZBQ4pNOoIh4pmKnS0bSUpU7lGQnlzmr3FSdcc1/6dmeiCLZEFzjr1W52ist2H6Bh+bHhYKv99iX/wkpng=="
    }
  }
}
